
Microsoft Visual Studio Solution File, Format Version 12.00
# Visual Studio Version 17
VisualStudioVersion = 17.10.34928.147
MinimumVisualStudioVersion = 10.0.40219.1
Project("{FAE04EC0-301F-11D3-BF4B-00C04F79EFBC}") = "net_prog_8", "net_prog_8\net_prog_8.csproj", "{4AAA8749-FA59-4FCC-AD23-F6B35D751487}"
EndProject
Global
	GlobalSection(SolutionConfigurationPlatforms) = preSolution
		Debug|Any CPU = Debug|Any CPU
		Release|Any CPU = Release|Any CPU
	EndGlobalSection
	GlobalSection(ProjectConfigurationPlatforms) = postSolution
		{4AAA8749-FA59-4FCC-AD23-F6B35D751487}.Debug|Any CPU.ActiveCfg = Debug|Any CPU
		{4AAA8749-FA59-4FCC-AD23-F6B35D751487}.Debug|Any CPU.Build.0 = Debug|Any CPU
		{4AAA8749-FA59-4FCC-AD23-F6B35D751487}.Release|Any CPU.ActiveCfg = Release|Any CPU
		{4AAA8749-FA59-4FCC-AD23-F6B35D751487}.Release|Any CPU.Build.0 = Release|Any CPU
	EndGlobalSection
	GlobalSection(SolutionProperties) = preSolution
		HideSolutionNode = FALSE
	EndGlobalSection
	GlobalSection(ExtensibilityGlobals) = postSolution
		SolutionGuid = {EC7F1F1F-D2F5-4EB2-81AE-4032A677BDC6}
	EndGlobalSection
EndGlobal
